
Microsoft Visual Studio Solution File, Format Version 12.00
# Visual Studio Version 17
VisualStudioVersion = 17.12.35521.163
MinimumVisualStudioVersion = 10.0.40219.1
Project("{FAE04EC0-301F-11D3-BF4B-00C04F79EFBC}") = "EclipseTaskManager", "EclipseTaskManager\EclipseTaskManager.csproj", "{371D13F0-0F5B-491F-84E9-12F44AD202E6}"
EndProject
Project("{2150E333-8FDC-42A3-9474-1A3956D46DE8}") = "Itens de Solução", "Itens de Solução", "{299CC7B3-E4DA-466B-B25C-2215B124945B}"
	ProjectSection(SolutionItems) = preProject
		..\..\.gitignore = ..\..\.gitignore
		..\..\README.md = ..\..\README.md
		..\..\Docs\TODO.txt = ..\..\Docs\TODO.txt
	EndProjectSection
EndProject
Project("{FAE04EC0-301F-11D3-BF4B-00C04F79EFBC}") = "EclipseTaskManager.Unit", "EclipseTaskManager.Unit\EclipseTaskManager.Unit.csproj", "{C37D9035-5E05-458F-B0A0-9C7D3AD82EC9}"
EndProject
Global
	GlobalSection(SolutionConfigurationPlatforms) = preSolution
		Debug|Any CPU = Debug|Any CPU
		Release|Any CPU = Release|Any CPU
	EndGlobalSection
	GlobalSection(ProjectConfigurationPlatforms) = postSolution
		{371D13F0-0F5B-491F-84E9-12F44AD202E6}.Debug|Any CPU.ActiveCfg = Debug|Any CPU
		{371D13F0-0F5B-491F-84E9-12F44AD202E6}.Debug|Any CPU.Build.0 = Debug|Any CPU
		{371D13F0-0F5B-491F-84E9-12F44AD202E6}.Release|Any CPU.ActiveCfg = Release|Any CPU
		{371D13F0-0F5B-491F-84E9-12F44AD202E6}.Release|Any CPU.Build.0 = Release|Any CPU
		{C37D9035-5E05-458F-B0A0-9C7D3AD82EC9}.Debug|Any CPU.ActiveCfg = Debug|Any CPU
		{C37D9035-5E05-458F-B0A0-9C7D3AD82EC9}.Debug|Any CPU.Build.0 = Debug|Any CPU
		{C37D9035-5E05-458F-B0A0-9C7D3AD82EC9}.Release|Any CPU.ActiveCfg = Release|Any CPU
		{C37D9035-5E05-458F-B0A0-9C7D3AD82EC9}.Release|Any CPU.Build.0 = Release|Any CPU
	EndGlobalSection
	GlobalSection(SolutionProperties) = preSolution
		HideSolutionNode = FALSE
	EndGlobalSection
EndGlobal
