
Microsoft Visual Studio Solution File, Format Version 12.00
# Visual Studio Version 16
VisualStudioVersion = 16.0.30907.101
MinimumVisualStudioVersion = 10.0.40219.1
Project("{9A19103F-16F7-4668-BE54-9A1E7A4F7556}") = "mvc", "mvc.csproj", "{A8263635-F227-479D-B635-1E87BC6F70EC}"
EndProject
Global
	GlobalSection(SolutionConfigurationPlatforms) = preSolution
		Debug|Any CPU = Debug|Any CPU
		Release|Any CPU = Release|Any CPU
	EndGlobalSection
	GlobalSection(ProjectConfigurationPlatforms) = postSolution
		{A8263635-F227-479D-B635-1E87BC6F70EC}.Debug|Any CPU.ActiveCfg = Debug|Any CPU
		{A8263635-F227-479D-B635-1E87BC6F70EC}.Debug|Any CPU.Build.0 = Debug|Any CPU
		{A8263635-F227-479D-B635-1E87BC6F70EC}.Release|Any CPU.ActiveCfg = Release|Any CPU
		{A8263635-F227-479D-B635-1E87BC6F70EC}.Release|Any CPU.Build.0 = Release|Any CPU
	EndGlobalSection
	GlobalSection(SolutionProperties) = preSolution
		HideSolutionNode = FALSE
	EndGlobalSection
	GlobalSection(ExtensibilityGlobals) = postSolution
		SolutionGuid = {39DEF732-91C3-4772-A5FA-DFA9E8BB1936}
	EndGlobalSection
EndGlobal
